<?xml version="1.0" encoding="UTF-8"?>
<!DOCTYPE plist PUBLIC "-//Apple//DTD PLIST 1.0//EN" "http://www.apple.com/DTDs/PropertyList-1.0.dtd">
<plist version="1.0">
<dict>
	<key>archiveVersion</key>
	<string>1</string>
	<key>classes</key>
	<dict/>
	<key>objectVersion</key>
	<string>46</string>
	<key>objects</key>
	<dict>
		<key>428E16568C6348E49D40617D</key>
		<dict>
			<key>explicitFileType</key>
			<string>archive.ar</string>
			<key>includeInIndex</key>
			<string>0</string>
			<key>isa</key>
			<string>PBXFileReference</string>
			<key>path</key>
			<string>libPods-HelloCocoapods.a</string>
			<key>sourceTree</key>
			<string>BUILT_PRODUCTS_DIR</string>
		</dict>
		<key>6543CA7280854EEE86016EF0</key>
		<dict>
			<key>includeInIndex</key>
			<string>1</string>
			<key>isa</key>
			<string>PBXFileReference</string>
			<key>lastKnownFileType</key>
			<string>text.xcconfig</string>
			<key>name</key>
			<string>Pods-HelloCocoapods.xcconfig</string>
			<key>path</key>
			<string>Pods/Pods-HelloCocoapods.xcconfig</string>
			<key>sourceTree</key>
			<string>&lt;group&gt;</string>
		</dict>
		<key>7F8EF1EEAF484047BC22F73A</key>
		<dict>
			<key>buildActionMask</key>
			<string>2147483647</string>
			<key>files</key>
			<array/>
			<key>inputPaths</key>
			<array/>
			<key>isa</key>
			<string>PBXShellScriptBuildPhase</string>
			<key>name</key>
			<string>Check Pods Manifest.lock</string>
			<key>outputPaths</key>
			<array/>
			<key>runOnlyForDeploymentPostprocessing</key>
			<string>0</string>
			<key>shellPath</key>
			<string>/bin/sh</string>
			<key>shellScript</key>
			<string>diff "${PODS_ROOT}/../Podfile.lock" "${PODS_ROOT}/Manifest.lock" &gt; /dev/null
if [[ $? != 0 ]] ; then
    cat &lt;&lt; EOM
error: The sandbox is not in sync with the Podfile.lock. Run 'pod install' or update your CocoaPods installation.
EOM
    exit 1
fi
</string>
			<key>showEnvVarsInLog</key>
			<string>0</string>
		</dict>
		<key>A89BFC17133441FE92BC40B3</key>
		<dict>
			<key>fileRef</key>
			<string>428E16568C6348E49D40617D</string>
			<key>isa</key>
			<string>PBXBuildFile</string>
		</dict>
		<key>F8B08AC919C7DDC0009958CE</key>
		<dict>
			<key>children</key>
			<array>
				<string>F8B08ADB19C7DDC1009958CE</string>
				<string>F8B08AFA19C7DDC1009958CE</string>
				<string>F8B08AD419C7DDC0009958CE</string>
				<string>F8B08AD319C7DDC0009958CE</string>
				<string>6543CA7280854EEE86016EF0</string>
			</array>
			<key>isa</key>
			<string>PBXGroup</string>
			<key>sourceTree</key>
			<string>&lt;group&gt;</string>
		</dict>
		<key>F8B08ACA19C7DDC0009958CE</key>
		<dict>
			<key>attributes</key>
			<dict>
				<key>CLASSPREFIX</key>
				<string>DCN</string>
				<key>LastUpgradeCheck</key>
				<string>0510</string>
				<key>ORGANIZATIONNAME</key>
				<string>Peter Shearer</string>
				<key>TargetAttributes</key>
				<dict>
					<key>F8B08AF219C7DDC1009958CE</key>
					<dict>
						<key>TestTargetID</key>
						<string>F8B08AD119C7DDC0009958CE</string>
					</dict>
				</dict>
			</dict>
			<key>buildConfigurationList</key>
			<string>F8B08ACD19C7DDC0009958CE</string>
			<key>compatibilityVersion</key>
			<string>Xcode 3.2</string>
			<key>developmentRegion</key>
			<string>English</string>
			<key>hasScannedForEncodings</key>
			<string>0</string>
			<key>isa</key>
			<string>PBXProject</string>
			<key>knownRegions</key>
			<array>
				<string>en</string>
				<string>Base</string>
			</array>
			<key>mainGroup</key>
			<string>F8B08AC919C7DDC0009958CE</string>
			<key>productRefGroup</key>
			<string>F8B08AD319C7DDC0009958CE</string>
			<key>projectDirPath</key>
			<string></string>
			<key>projectReferences</key>
			<array/>
			<key>projectRoot</key>
			<string></string>
			<key>targets</key>
			<array>
				<string>F8B08AD119C7DDC0009958CE</string>
				<string>F8B08AF219C7DDC1009958CE</string>
			</array>
		</dict>
		<key>F8B08ACD19C7DDC0009958CE</key>
		<dict>
			<key>buildConfigurations</key>
			<array>
				<string>F8B08B0219C7DDC1009958CE</string>
				<string>F8B08B0319C7DDC1009958CE</string>
			</array>
			<key>defaultConfigurationIsVisible</key>
			<string>0</string>
			<key>defaultConfigurationName</key>
			<string>Release</string>
			<key>isa</key>
			<string>XCConfigurationList</string>
		</dict>
		<key>F8B08ACE19C7DDC0009958CE</key>
		<dict>
			<key>buildActionMask</key>
			<string>2147483647</string>
			<key>files</key>
			<array>
				<string>F8B08AE619C7DDC1009958CE</string>
				<string>F8B08AE219C7DDC1009958CE</string>
				<string>F8B08AEC19C7DDC1009958CE</string>
			</array>
			<key>isa</key>
			<string>PBXSourcesBuildPhase</string>
			<key>runOnlyForDeploymentPostprocessing</key>
			<string>0</string>
		</dict>
		<key>F8B08ACF19C7DDC0009958CE</key>
		<dict>
			<key>buildActionMask</key>
			<string>2147483647</string>
			<key>files</key>
			<array>
				<string>F8B08AD819C7DDC0009958CE</string>
				<string>F8B08ADA19C7DDC1009958CE</string>
				<string>F8B08AD619C7DDC0009958CE</string>
				<string>A89BFC17133441FE92BC40B3</string>
			</array>
			<key>isa</key>
			<string>PBXFrameworksBuildPhase</string>
			<key>runOnlyForDeploymentPostprocessing</key>
			<string>0</string>
		</dict>
		<key>F8B08AD019C7DDC0009958CE</key>
		<dict>
			<key>buildActionMask</key>
			<string>2147483647</string>
			<key>files</key>
			<array>
				<string>F8B08AEE19C7DDC1009958CE</string>
				<string>F8B08AE019C7DDC1009958CE</string>
				<string>F8B08AE919C7DDC1009958CE</string>
			</array>
			<key>isa</key>
			<string>PBXResourcesBuildPhase</string>
			<key>runOnlyForDeploymentPostprocessing</key>
			<string>0</string>
		</dict>
		<key>F8B08AD119C7DDC0009958CE</key>
		<dict>
			<key>buildConfigurationList</key>
			<string>F8B08B0419C7DDC1009958CE</string>
			<key>buildPhases</key>
			<array>
				<string>7F8EF1EEAF484047BC22F73A</string>
				<string>F8B08ACE19C7DDC0009958CE</string>
				<string>F8B08ACF19C7DDC0009958CE</string>
				<string>F8B08AD019C7DDC0009958CE</string>
				<string>F9CEF28A7F3A4F5CAD126A19</string>
			</array>
			<key>buildRules</key>
			<array/>
			<key>dependencies</key>
			<array/>
			<key>isa</key>
			<string>PBXNativeTarget</string>
			<key>name</key>
			<string>HelloCocoapods</string>
			<key>productName</key>
			<string>HelloCocoapods</string>
			<key>productReference</key>
			<string>F8B08AD219C7DDC0009958CE</string>
			<key>productType</key>
			<string>com.apple.product-type.application</string>
		</dict>
		<key>F8B08AD219C7DDC0009958CE</key>
		<dict>
			<key>explicitFileType</key>
			<string>wrapper.application</string>
			<key>includeInIndex</key>
			<string>0</string>
			<key>isa</key>
			<string>PBXFileReference</string>
			<key>path</key>
			<string>HelloCocoapods.app</string>
			<key>sourceTree</key>
			<string>BUILT_PRODUCTS_DIR</string>
		</dict>
		<key>F8B08AD319C7DDC0009958CE</key>
		<dict>
			<key>children</key>
			<array>
				<string>F8B08AD219C7DDC0009958CE</string>
				<string>F8B08AF319C7DDC1009958CE</string>
			</array>
			<key>isa</key>
			<string>PBXGroup</string>
			<key>name</key>
			<string>Products</string>
			<key>sourceTree</key>
			<string>&lt;group&gt;</string>
		</dict>
		<key>F8B08AD419C7DDC0009958CE</key>
		<dict>
			<key>children</key>
			<array>
				<string>F8B08AD519C7DDC0009958CE</string>
				<string>F8B08AD719C7DDC0009958CE</string>
				<string>F8B08AD919C7DDC1009958CE</string>
				<string>F8B08AF419C7DDC1009958CE</string>
				<string>428E16568C6348E49D40617D</string>
			</array>
			<key>isa</key>
			<string>PBXGroup</string>
			<key>name</key>
			<string>Frameworks</string>
			<key>sourceTree</key>
			<string>&lt;group&gt;</string>
		</dict>
		<key>F8B08AD519C7DDC0009958CE</key>
		<dict>
			<key>isa</key>
			<string>PBXFileReference</string>
			<key>lastKnownFileType</key>
			<string>wrapper.framework</string>
			<key>name</key>
			<string>Foundation.framework</string>
			<key>path</key>
			<string>System/Library/Frameworks/Foundation.framework</string>
			<key>sourceTree</key>
			<string>SDKROOT</string>
		</dict>
		<key>F8B08AD619C7DDC0009958CE</key>
		<dict>
			<key>fileRef</key>
			<string>F8B08AD519C7DDC0009958CE</string>
			<key>isa</key>
			<string>PBXBuildFile</string>
		</dict>
		<key>F8B08AD719C7DDC0009958CE</key>
		<dict>
			<key>isa</key>
			<string>PBXFileReference</string>
			<key>lastKnownFileType</key>
			<string>wrapper.framework</string>
			<key>name</key>
			<string>CoreGraphics.framework</string>
			<key>path</key>
			<string>System/Library/Frameworks/CoreGraphics.framework</string>
			<key>sourceTree</key>
			<string>SDKROOT</string>
		</dict>
		<key>F8B08AD819C7DDC0009958CE</key>
		<dict>
			<key>fileRef</key>
			<string>F8B08AD719C7DDC0009958CE</string>
			<key>isa</key>
			<string>PBXBuildFile</string>
		</dict>
		<key>F8B08AD919C7DDC1009958CE</key>
		<dict>
			<key>isa</key>
			<string>PBXFileReference</string>
			<key>lastKnownFileType</key>
			<string>wrapper.framework</string>
			<key>name</key>
			<string>UIKit.framework</string>
			<key>path</key>
			<string>System/Library/Frameworks/UIKit.framework</string>
			<key>sourceTree</key>
			<string>SDKROOT</string>
		</dict>
		<key>F8B08ADA19C7DDC1009958CE</key>
		<dict>
			<key>fileRef</key>
			<string>F8B08AD919C7DDC1009958CE</string>
			<key>isa</key>
			<string>PBXBuildFile</string>
		</dict>
		<key>F8B08ADB19C7DDC1009958CE</key>
		<dict>
			<key>children</key>
			<array>
				<string>F8B08AE419C7DDC1009958CE</string>
				<string>F8B08AE519C7DDC1009958CE</string>
				<string>F8B08AE719C7DDC1009958CE</string>
				<string>F8B08AEA19C7DDC1009958CE</string>
				<string>F8B08AEB19C7DDC1009958CE</string>
				<string>F8B08AED19C7DDC1009958CE</string>
				<string>F8B08ADC19C7DDC1009958CE</string>
			</array>
			<key>isa</key>
			<string>PBXGroup</string>
			<key>path</key>
			<string>HelloCocoapods</string>
			<key>sourceTree</key>
			<string>&lt;group&gt;</string>
		</dict>
		<key>F8B08ADC19C7DDC1009958CE</key>
		<dict>
			<key>children</key>
			<array>
				<string>F8B08ADD19C7DDC1009958CE</string>
				<string>F8B08ADE19C7DDC1009958CE</string>
				<string>F8B08AE119C7DDC1009958CE</string>
				<string>F8B08AE319C7DDC1009958CE</string>
			</array>
			<key>isa</key>
			<string>PBXGroup</string>
			<key>name</key>
			<string>Supporting Files</string>
			<key>sourceTree</key>
			<string>&lt;group&gt;</string>
		</dict>
		<key>F8B08ADD19C7DDC1009958CE</key>
		<dict>
			<key>isa</key>
			<string>PBXFileReference</string>
			<key>lastKnownFileType</key>
			<string>text.plist.xml</string>
			<key>path</key>
			<string>HelloCocoapods-Info.plist</string>
			<key>sourceTree</key>
			<string>&lt;group&gt;</string>
		</dict>
		<key>F8B08ADE19C7DDC1009958CE</key>
		<dict>
			<key>children</key>
			<array>
				<string>F8B08ADF19C7DDC1009958CE</string>
			</array>
			<key>isa</key>
			<string>PBXVariantGroup</string>
			<key>name</key>
			<string>InfoPlist.strings</string>
			<key>sourceTree</key>
			<string>&lt;group&gt;</string>
		</dict>
		<key>F8B08ADF19C7DDC1009958CE</key>
		<dict>
			<key>isa</key>
			<string>PBXFileReference</string>
			<key>lastKnownFileType</key>
			<string>text.plist.strings</string>
			<key>name</key>
			<string>en</string>
			<key>path</key>
			<string>en.lproj/InfoPlist.strings</string>
			<key>sourceTree</key>
			<string>&lt;group&gt;</string>
		</dict>
		<key>F8B08AE019C7DDC1009958CE</key>
		<dict>
			<key>fileRef</key>
			<string>F8B08ADE19C7DDC1009958CE</string>
			<key>isa</key>
			<string>PBXBuildFile</string>
		</dict>
		<key>F8B08AE119C7DDC1009958CE</key>
		<dict>
			<key>isa</key>
			<string>PBXFileReference</string>
			<key>lastKnownFileType</key>
			<string>sourcecode.c.objc</string>
			<key>path</key>
			<string>main.m</string>
			<key>sourceTree</key>
			<string>&lt;group&gt;</string>
		</dict>
		<key>F8B08AE219C7DDC1009958CE</key>
		<dict>
			<key>fileRef</key>
			<string>F8B08AE119C7DDC1009958CE</string>
			<key>isa</key>
			<string>PBXBuildFile</string>
		</dict>
		<key>F8B08AE319C7DDC1009958CE</key>
		<dict>
			<key>isa</key>
			<string>PBXFileReference</string>
			<key>lastKnownFileType</key>
			<string>sourcecode.c.h</string>
			<key>path</key>
			<string>HelloCocoapods-Prefix.pch</string>
			<key>sourceTree</key>
			<string>&lt;group&gt;</string>
		</dict>
		<key>F8B08AE419C7DDC1009958CE</key>
		<dict>
			<key>isa</key>
			<string>PBXFileReference</string>
			<key>lastKnownFileType</key>
			<string>sourcecode.c.h</string>
			<key>path</key>
			<string>DCNAppDelegate.h</string>
			<key>sourceTree</key>
			<string>&lt;group&gt;</string>
		</dict>
		<key>F8B08AE519C7DDC1009958CE</key>
		<dict>
			<key>isa</key>
			<string>PBXFileReference</string>
			<key>lastKnownFileType</key>
			<string>sourcecode.c.objc</string>
			<key>path</key>
			<string>DCNAppDelegate.m</string>
			<key>sourceTree</key>
			<string>&lt;group&gt;</string>
		</dict>
		<key>F8B08AE619C7DDC1009958CE</key>
		<dict>
			<key>fileRef</key>
			<string>F8B08AE519C7DDC1009958CE</string>
			<key>isa</key>
			<string>PBXBuildFile</string>
		</dict>
		<key>F8B08AE719C7DDC1009958CE</key>
		<dict>
			<key>children</key>
			<array>
				<string>F8B08AE819C7DDC1009958CE</string>
			</array>
			<key>isa</key>
			<string>PBXVariantGroup</string>
			<key>name</key>
			<string>Main.storyboard</string>
			<key>sourceTree</key>
			<string>&lt;group&gt;</string>
		</dict>
		<key>F8B08AE819C7DDC1009958CE</key>
		<dict>
			<key>isa</key>
			<string>PBXFileReference</string>
			<key>lastKnownFileType</key>
			<string>file.storyboard</string>
			<key>name</key>
			<string>Base</string>
			<key>path</key>
			<string>Base.lproj/Main.storyboard</string>
			<key>sourceTree</key>
			<string>&lt;group&gt;</string>
		</dict>
		<key>F8B08AE919C7DDC1009958CE</key>
		<dict>
			<key>fileRef</key>
			<string>F8B08AE719C7DDC1009958CE</string>
			<key>isa</key>
			<string>PBXBuildFile</string>
		</dict>
		<key>F8B08AEA19C7DDC1009958CE</key>
		<dict>
			<key>isa</key>
			<string>PBXFileReference</string>
			<key>lastKnownFileType</key>
			<string>sourcecode.c.h</string>
			<key>path</key>
			<string>DCNViewController.h</string>
			<key>sourceTree</key>
			<string>&lt;group&gt;</string>
		</dict>
		<key>F8B08AEB19C7DDC1009958CE</key>
		<dict>
			<key>isa</key>
			<string>PBXFileReference</string>
			<key>lastKnownFileType</key>
			<string>sourcecode.c.objc</string>
			<key>path</key>
			<string>DCNViewController.m</string>
			<key>sourceTree</key>
			<string>&lt;group&gt;</string>
		</dict>
		<key>F8B08AEC19C7DDC1009958CE</key>
		<dict>
			<key>fileRef</key>
			<string>F8B08AEB19C7DDC1009958CE</string>
			<key>isa</key>
			<string>PBXBuildFile</string>
		</dict>
		<key>F8B08AED19C7DDC1009958CE</key>
		<dict>
			<key>isa</key>
			<string>PBXFileReference</string>
			<key>lastKnownFileType</key>
			<string>folder.assetcatalog</string>
			<key>path</key>
			<string>Images.xcassets</string>
			<key>sourceTree</key>
			<string>&lt;group&gt;</string>
		</dict>
		<key>F8B08AEE19C7DDC1009958CE</key>
		<dict>
			<key>fileRef</key>
			<string>F8B08AED19C7DDC1009958CE</string>
			<key>isa</key>
			<string>PBXBuildFile</string>
		</dict>
		<key>F8B08AEF19C7DDC1009958CE</key>
		<dict>
			<key>buildActionMask</key>
			<string>2147483647</string>
			<key>files</key>
			<array>
				<string>F8B08B0119C7DDC1009958CE</string>
			</array>
			<key>isa</key>
			<string>PBXSourcesBuildPhase</string>
			<key>runOnlyForDeploymentPostprocessing</key>
			<string>0</string>
		</dict>
		<key>F8B08AF019C7DDC1009958CE</key>
		<dict>
			<key>buildActionMask</key>
			<string>2147483647</string>
			<key>files</key>
			<array>
				<string>F8B08AF519C7DDC1009958CE</string>
				<string>F8B08AF719C7DDC1009958CE</string>
				<string>F8B08AF619C7DDC1009958CE</string>
			</array>
			<key>isa</key>
			<string>PBXFrameworksBuildPhase</string>
			<key>runOnlyForDeploymentPostprocessing</key>
			<string>0</string>
		</dict>
		<key>F8B08AF119C7DDC1009958CE</key>
		<dict>
			<key>buildActionMask</key>
			<string>2147483647</string>
			<key>files</key>
			<array>
				<string>F8B08AFF19C7DDC1009958CE</string>
			</array>
			<key>isa</key>
			<string>PBXResourcesBuildPhase</string>
			<key>runOnlyForDeploymentPostprocessing</key>
			<string>0</string>
		</dict>
		<key>F8B08AF219C7DDC1009958CE</key>
		<dict>
			<key>buildConfigurationList</key>
			<string>F8B08B0719C7DDC1009958CE</string>
			<key>buildPhases</key>
			<array>
				<string>F8B08AEF19C7DDC1009958CE</string>
				<string>F8B08AF019C7DDC1009958CE</string>
				<string>F8B08AF119C7DDC1009958CE</string>
			</array>
			<key>buildRules</key>
			<array/>
			<key>dependencies</key>
			<array>
				<string>F8B08AF919C7DDC1009958CE</string>
			</array>
			<key>isa</key>
			<string>PBXNativeTarget</string>
			<key>name</key>
			<string>HelloCocoapodsTests</string>
			<key>productName</key>
			<string>HelloCocoapodsTests</string>
			<key>productReference</key>
			<string>F8B08AF319C7DDC1009958CE</string>
			<key>productType</key>
			<string>com.apple.product-type.bundle.unit-test</string>
		</dict>
		<key>F8B08AF319C7DDC1009958CE</key>
		<dict>
			<key>explicitFileType</key>
			<string>wrapper.cfbundle</string>
			<key>includeInIndex</key>
			<string>0</string>
			<key>isa</key>
			<string>PBXFileReference</string>
			<key>path</key>
			<string>HelloCocoapodsTests.xctest</string>
			<key>sourceTree</key>
			<string>BUILT_PRODUCTS_DIR</string>
		</dict>
		<key>F8B08AF419C7DDC1009958CE</key>
		<dict>
			<key>isa</key>
			<string>PBXFileReference</string>
			<key>lastKnownFileType</key>
			<string>wrapper.framework</string>
			<key>name</key>
			<string>XCTest.framework</string>
			<key>path</key>
			<string>Library/Frameworks/XCTest.framework</string>
			<key>sourceTree</key>
			<string>DEVELOPER_DIR</string>
		</dict>
		<key>F8B08AF519C7DDC1009958CE</key>
		<dict>
			<key>fileRef</key>
			<string>F8B08AF419C7DDC1009958CE</string>
			<key>isa</key>
			<string>PBXBuildFile</string>
		</dict>
		<key>F8B08AF619C7DDC1009958CE</key>
		<dict>
			<key>fileRef</key>
			<string>F8B08AD519C7DDC0009958CE</string>
			<key>isa</key>
			<string>PBXBuildFile</string>
		</dict>
		<key>F8B08AF719C7DDC1009958CE</key>
		<dict>
			<key>fileRef</key>
			<string>F8B08AD919C7DDC1009958CE</string>
			<key>isa</key>
			<string>PBXBuildFile</string>
		</dict>
		<key>F8B08AF819C7DDC1009958CE</key>
		<dict>
			<key>containerPortal</key>
			<string>F8B08ACA19C7DDC0009958CE</string>
			<key>isa</key>
			<string>PBXContainerItemProxy</string>
			<key>proxyType</key>
			<string>1</string>
			<key>remoteGlobalIDString</key>
			<string>F8B08AD119C7DDC0009958CE</string>
			<key>remoteInfo</key>
			<string>HelloCocoapods</string>
		</dict>
		<key>F8B08AF919C7DDC1009958CE</key>
		<dict>
			<key>isa</key>
			<string>PBXTargetDependency</string>
			<key>target</key>
			<string>F8B08AD119C7DDC0009958CE</string>
			<key>targetProxy</key>
			<string>F8B08AF819C7DDC1009958CE</string>
		</dict>
		<key>F8B08AFA19C7DDC1009958CE</key>
		<dict>
			<key>children</key>
			<array>
				<string>F8B08B0019C7DDC1009958CE</string>
				<string>F8B08AFB19C7DDC1009958CE</string>
			</array>
			<key>isa</key>
			<string>PBXGroup</string>
			<key>path</key>
			<string>HelloCocoapodsTests</string>
			<key>sourceTree</key>
			<string>&lt;group&gt;</string>
		</dict>
		<key>F8B08AFB19C7DDC1009958CE</key>
		<dict>
			<key>children</key>
			<array>
				<string>F8B08AFC19C7DDC1009958CE</string>
				<string>F8B08AFD19C7DDC1009958CE</string>
			</array>
			<key>isa</key>
			<string>PBXGroup</string>
			<key>name</key>
			<string>Supporting Files</string>
			<key>sourceTree</key>
			<string>&lt;group&gt;</string>
		</dict>
		<key>F8B08AFC19C7DDC1009958CE</key>
		<dict>
			<key>isa</key>
			<string>PBXFileReference</string>
			<key>lastKnownFileType</key>
			<string>text.plist.xml</string>
			<key>path</key>
			<string>HelloCocoapodsTests-Info.plist</string>
			<key>sourceTree</key>
			<string>&lt;group&gt;</string>
		</dict>
		<key>F8B08AFD19C7DDC1009958CE</key>
		<dict>
			<key>children</key>
			<array>
				<string>F8B08AFE19C7DDC1009958CE</string>
			</array>
			<key>isa</key>
			<string>PBXVariantGroup</string>
			<key>name</key>
			<string>InfoPlist.strings</string>
			<key>sourceTree</key>
			<string>&lt;group&gt;</string>
		</dict>
		<key>F8B08AFE19C7DDC1009958CE</key>
		<dict>
			<key>isa</key>
			<string>PBXFileReference</string>
			<key>lastKnownFileType</key>
			<string>text.plist.strings</string>
			<key>name</key>
			<string>en</string>
			<key>path</key>
			<string>en.lproj/InfoPlist.strings</string>
			<key>sourceTree</key>
			<string>&lt;group&gt;</string>
		</dict>
		<key>F8B08AFF19C7DDC1009958CE</key>
		<dict>
			<key>fileRef</key>
			<string>F8B08AFD19C7DDC1009958CE</string>
			<key>isa</key>
			<string>PBXBuildFile</string>
		</dict>
		<key>F8B08B0019C7DDC1009958CE</key>
		<dict>
			<key>isa</key>
			<string>PBXFileReference</string>
			<key>lastKnownFileType</key>
			<string>sourcecode.c.objc</string>
			<key>path</key>
			<string>HelloCocoapodsTests.m</string>
			<key>sourceTree</key>
			<string>&lt;group&gt;</string>
		</dict>
		<key>F8B08B0119C7DDC1009958CE</key>
		<dict>
			<key>fileRef</key>
			<string>F8B08B0019C7DDC1009958CE</string>
			<key>isa</key>
			<string>PBXBuildFile</string>
		</dict>
		<key>F8B08B0219C7DDC1009958CE</key>
		<dict>
			<key>buildSettings</key>
			<dict>
				<key>ALWAYS_SEARCH_USER_PATHS</key>
				<string>NO</string>
				<key>CLANG_CXX_LANGUAGE_STANDARD</key>
				<string>gnu++0x</string>
				<key>CLANG_CXX_LIBRARY</key>
				<string>libc++</string>
				<key>CLANG_ENABLE_MODULES</key>
				<string>YES</string>
				<key>CLANG_ENABLE_OBJC_ARC</key>
				<string>YES</string>
				<key>CLANG_WARN_BOOL_CONVERSION</key>
				<string>YES</string>
				<key>CLANG_WARN_CONSTANT_CONVERSION</key>
				<string>YES</string>
				<key>CLANG_WARN_DIRECT_OBJC_ISA_USAGE</key>
				<string>YES_ERROR</string>
				<key>CLANG_WARN_EMPTY_BODY</key>
				<string>YES</string>
				<key>CLANG_WARN_ENUM_CONVERSION</key>
				<string>YES</string>
				<key>CLANG_WARN_INT_CONVERSION</key>
				<string>YES</string>
				<key>CLANG_WARN_OBJC_ROOT_CLASS</key>
				<string>YES_ERROR</string>
				<key>CLANG_WARN__DUPLICATE_METHOD_MATCH</key>
				<string>YES</string>
				<key>CODE_SIGN_IDENTITY[sdk=iphoneos*]</key>
				<string>iPhone Developer</string>
				<key>COPY_PHASE_STRIP</key>
				<string>NO</string>
				<key>GCC_C_LANGUAGE_STANDARD</key>
				<string>gnu99</string>
				<key>GCC_DYNAMIC_NO_PIC</key>
				<string>NO</string>
				<key>GCC_OPTIMIZATION_LEVEL</key>
				<string>0</string>
				<key>GCC_PREPROCESSOR_DEFINITIONS</key>
				<array>
					<string>DEBUG=1</string>
					<string>$(inherited)</string>
				</array>
				<key>GCC_SYMBOLS_PRIVATE_EXTERN</key>
				<string>NO</string>
				<key>GCC_WARN_64_TO_32_BIT_CONVERSION</key>
				<string>YES</string>
				<key>GCC_WARN_ABOUT_RETURN_TYPE</key>
				<string>YES_ERROR</string>
				<key>GCC_WARN_UNDECLARED_SELECTOR</key>
				<string>YES</string>
				<key>GCC_WARN_UNINITIALIZED_AUTOS</key>
				<string>YES_AGGRESSIVE</string>
				<key>GCC_WARN_UNUSED_FUNCTION</key>
				<string>YES</string>
				<key>GCC_WARN_UNUSED_VARIABLE</key>
				<string>YES</string>
				<key>IPHONEOS_DEPLOYMENT_TARGET</key>
				<string>7.1</string>
				<key>ONLY_ACTIVE_ARCH</key>
				<string>YES</string>
				<key>SDKROOT</key>
				<string>iphoneos</string>
			</dict>
			<key>isa</key>
			<string>XCBuildConfiguration</string>
			<key>name</key>
			<string>Debug</string>
		</dict>
		<key>F8B08B0319C7DDC1009958CE</key>
		<dict>
			<key>buildSettings</key>
			<dict>
				<key>ALWAYS_SEARCH_USER_PATHS</key>
				<string>NO</string>
				<key>CLANG_CXX_LANGUAGE_STANDARD</key>
				<string>gnu++0x</string>
				<key>CLANG_CXX_LIBRARY</key>
				<string>libc++</string>
				<key>CLANG_ENABLE_MODULES</key>
				<string>YES</string>
				<key>CLANG_ENABLE_OBJC_ARC</key>
				<string>YES</string>
				<key>CLANG_WARN_BOOL_CONVERSION</key>
				<string>YES</string>
				<key>CLANG_WARN_CONSTANT_CONVERSION</key>
				<string>YES</string>
				<key>CLANG_WARN_DIRECT_OBJC_ISA_USAGE</key>
				<string>YES_ERROR</string>
				<key>CLANG_WARN_EMPTY_BODY</key>
				<string>YES</string>
				<key>CLANG_WARN_ENUM_CONVERSION</key>
				<string>YES</string>
				<key>CLANG_WARN_INT_CONVERSION</key>
				<string>YES</string>
				<key>CLANG_WARN_OBJC_ROOT_CLASS</key>
				<string>YES_ERROR</string>
				<key>CLANG_WARN__DUPLICATE_METHOD_MATCH</key>
				<string>YES</string>
				<key>CODE_SIGN_IDENTITY[sdk=iphoneos*]</key>
				<string>iPhone Developer</string>
				<key>COPY_PHASE_STRIP</key>
				<string>YES</string>
				<key>ENABLE_NS_ASSERTIONS</key>
				<string>NO</string>
				<key>GCC_C_LANGUAGE_STANDARD</key>
				<string>gnu99</string>
				<key>GCC_WARN_64_TO_32_BIT_CONVERSION</key>
				<string>YES</string>
				<key>GCC_WARN_ABOUT_RETURN_TYPE</key>
				<string>YES_ERROR</string>
				<key>GCC_WARN_UNDECLARED_SELECTOR</key>
				<string>YES</string>
				<key>GCC_WARN_UNINITIALIZED_AUTOS</key>
				<string>YES_AGGRESSIVE</string>
				<key>GCC_WARN_UNUSED_FUNCTION</key>
				<string>YES</string>
				<key>GCC_WARN_UNUSED_VARIABLE</key>
				<string>YES</string>
				<key>IPHONEOS_DEPLOYMENT_TARGET</key>
				<string>7.1</string>
				<key>SDKROOT</key>
				<string>iphoneos</string>
				<key>VALIDATE_PRODUCT</key>
				<string>YES</string>
			</dict>
			<key>isa</key>
			<string>XCBuildConfiguration</string>
			<key>name</key>
			<string>Release</string>
		</dict>
		<key>F8B08B0419C7DDC1009958CE</key>
		<dict>
			<key>buildConfigurations</key>
			<array>
				<string>F8B08B0519C7DDC1009958CE</string>
				<string>F8B08B0619C7DDC1009958CE</string>
			</array>
			<key>defaultConfigurationIsVisible</key>
			<string>0</string>
			<key>isa</key>
			<string>XCConfigurationList</string>
		</dict>
		<key>F8B08B0519C7DDC1009958CE</key>
		<dict>
			<key>baseConfigurationReference</key>
			<string>6543CA7280854EEE86016EF0</string>
			<key>buildSettings</key>
			<dict>
				<key>ASSETCATALOG_COMPILER_APPICON_NAME</key>
				<string>AppIcon</string>
				<key>ASSETCATALOG_COMPILER_LAUNCHIMAGE_NAME</key>
				<string>LaunchImage</string>
				<key>GCC_PRECOMPILE_PREFIX_HEADER</key>
				<string>YES</string>
				<key>GCC_PREFIX_HEADER</key>
				<string>HelloCocoapods/HelloCocoapods-Prefix.pch</string>
				<key>INFOPLIST_FILE</key>
				<string>HelloCocoapods/HelloCocoapods-Info.plist</string>
				<key>PRODUCT_NAME</key>
				<string>$(TARGET_NAME)</string>
				<key>WRAPPER_EXTENSION</key>
				<string>app</string>
			</dict>
			<key>isa</key>
			<string>XCBuildConfiguration</string>
			<key>name</key>
			<string>Debug</string>
		</dict>
		<key>F8B08B0619C7DDC1009958CE</key>
		<dict>
			<key>baseConfigurationReference</key>
			<string>6543CA7280854EEE86016EF0</string>
			<key>buildSettings</key>
			<dict>
				<key>ASSETCATALOG_COMPILER_APPICON_NAME</key>
				<string>AppIcon</string>
				<key>ASSETCATALOG_COMPILER_LAUNCHIMAGE_NAME</key>
				<string>LaunchImage</string>
				<key>GCC_PRECOMPILE_PREFIX_HEADER</key>
				<string>YES</string>
				<key>GCC_PREFIX_HEADER</key>
				<string>HelloCocoapods/HelloCocoapods-Prefix.pch</string>
				<key>INFOPLIST_FILE</key>
				<string>HelloCocoapods/HelloCocoapods-Info.plist</string>
				<key>PRODUCT_NAME</key>
				<string>$(TARGET_NAME)</string>
				<key>WRAPPER_EXTENSION</key>
				<string>app</string>
			</dict>
			<key>isa</key>
			<string>XCBuildConfiguration</string>
			<key>name</key>
			<string>Release</string>
		</dict>
		<key>F8B08B0719C7DDC1009958CE</key>
		<dict>
			<key>buildConfigurations</key>
			<array>
				<string>F8B08B0819C7DDC1009958CE</string>
				<string>F8B08B0919C7DDC1009958CE</string>
			</array>
			<key>defaultConfigurationIsVisible</key>
			<string>0</string>
			<key>isa</key>
			<string>XCConfigurationList</string>
		</dict>
		<key>F8B08B0819C7DDC1009958CE</key>
		<dict>
			<key>buildSettings</key>
			<dict>
				<key>BUNDLE_LOADER</key>
				<string>$(BUILT_PRODUCTS_DIR)/HelloCocoapods.app/HelloCocoapods</string>
				<key>FRAMEWORK_SEARCH_PATHS</key>
				<array>
					<string>$(SDKROOT)/Developer/Library/Frameworks</string>
					<string>$(inherited)</string>
					<string>$(DEVELOPER_FRAMEWORKS_DIR)</string>
				</array>
				<key>GCC_PRECOMPILE_PREFIX_HEADER</key>
				<string>YES</string>
				<key>GCC_PREFIX_HEADER</key>
				<string>HelloCocoapods/HelloCocoapods-Prefix.pch</string>
				<key>GCC_PREPROCESSOR_DEFINITIONS</key>
				<array>
					<string>DEBUG=1</string>
					<string>$(inherited)</string>
				</array>
				<key>INFOPLIST_FILE</key>
				<string>HelloCocoapodsTests/HelloCocoapodsTests-Info.plist</string>
				<key>PRODUCT_NAME</key>
				<string>$(TARGET_NAME)</string>
				<key>TEST_HOST</key>
				<string>$(BUNDLE_LOADER)</string>
				<key>WRAPPER_EXTENSION</key>
				<string>xctest</string>
			</dict>
			<key>isa</key>
			<string>XCBuildConfiguration</string>
			<key>name</key>
			<string>Debug</string>
		</dict>
		<key>F8B08B0919C7DDC1009958CE</key>
		<dict>
			<key>buildSettings</key>
			<dict>
				<key>BUNDLE_LOADER</key>
				<string>$(BUILT_PRODUCTS_DIR)/HelloCocoapods.app/HelloCocoapods</string>
				<key>FRAMEWORK_SEARCH_PATHS</key>
				<array>
					<string>$(SDKROOT)/Developer/Library/Frameworks</string>
					<string>$(inherited)</string>
					<string>$(DEVELOPER_FRAMEWORKS_DIR)</string>
				</array>
				<key>GCC_PRECOMPILE_PREFIX_HEADER</key>
				<string>YES</string>
				<key>GCC_PREFIX_HEADER</key>
				<string>HelloCocoapods/HelloCocoapods-Prefix.pch</string>
				<key>INFOPLIST_FILE</key>
				<string>HelloCocoapodsTests/HelloCocoapodsTests-Info.plist</string>
				<key>PRODUCT_NAME</key>
				<string>$(TARGET_NAME)</string>
				<key>TEST_HOST</key>
				<string>$(BUNDLE_LOADER)</string>
				<key>WRAPPER_EXTENSION</key>
				<string>xctest</string>
			</dict>
			<key>isa</key>
			<string>XCBuildConfiguration</string>
			<key>name</key>
			<string>Release</string>
		</dict>
		<key>F9CEF28A7F3A4F5CAD126A19</key>
		<dict>
			<key>buildActionMask</key>
			<string>2147483647</string>
			<key>files</key>
			<array/>
			<key>inputPaths</key>
			<array/>
			<key>isa</key>
			<string>PBXShellScriptBuildPhase</string>
			<key>name</key>
			<string>Copy Pods Resources</string>
			<key>outputPaths</key>
			<array/>
			<key>runOnlyForDeploymentPostprocessing</key>
			<string>0</string>
			<key>shellPath</key>
			<string>/bin/sh</string>
			<key>shellScript</key>
			<string>"${SRCROOT}/Pods/Pods-HelloCocoapods-resources.sh"
</string>
			<key>showEnvVarsInLog</key>
			<string>0</string>
		</dict>
	</dict>
	<key>rootObject</key>
	<string>F8B08ACA19C7DDC0009958CE</string>
</dict>
</plist>
