// !$*UTF8*$!
{
	archiveVersion = 1;
	classes = {
	};
	objectVersion = 46;
	objects = {

/* Begin PBXBuildFile section */
		F86B0C3819BA78970036B01B /* Foundation.framework in Frameworks */ = {isa = PBXBuildFile; fileRef = F86B0C3719BA78970036B01B /* Foundation.framework */; };
		F86B0C3A19BA78970036B01B /* CoreGraphics.framework in Frameworks */ = {isa = PBXBuildFile; fileRef = F86B0C3919BA78970036B01B /* CoreGraphics.framework */; };
		F86B0C3C19BA78970036B01B /* UIKit.framework in Frameworks */ = {isa = PBXBuildFile; fileRef = F86B0C3B19BA78970036B01B /* UIKit.framework */; };
		F86B0C4219BA78970036B01B /* InfoPlist.strings in Resources */ = {isa = PBXBuildFile; fileRef = F86B0C4019BA78970036B01B /* InfoPlist.strings */; };
		F86B0C4419BA78970036B01B /* main.m in Sources */ = {isa = PBXBuildFile; fileRef = F86B0C4319BA78970036B01B /* main.m */; };
		F86B0C4819BA78970036B01B /* DCNAppDelegate.m in Sources */ = {isa = PBXBuildFile; fileRef = F86B0C4719BA78970036B01B /* DCNAppDelegate.m */; };
		F86B0C4B19BA78970036B01B /* Main.storyboard in Resources */ = {isa = PBXBuildFile; fileRef = F86B0C4919BA78970036B01B /* Main.storyboard */; };
		F86B0C4E19BA78970036B01B /* DCNViewController.m in Sources */ = {isa = PBXBuildFile; fileRef = F86B0C4D19BA78970036B01B /* DCNViewController.m */; };
		F86B0C5019BA78970036B01B /* Images.xcassets in Resources */ = {isa = PBXBuildFile; fileRef = F86B0C4F19BA78970036B01B /* Images.xcassets */; };
		F86B0C5719BA78970036B01B /* XCTest.framework in Frameworks */ = {isa = PBXBuildFile; fileRef = F86B0C5619BA78970036B01B /* XCTest.framework */; };
		F86B0C5819BA78970036B01B /* Foundation.framework in Frameworks */ = {isa = PBXBuildFile; fileRef = F86B0C3719BA78970036B01B /* Foundation.framework */; };
		F86B0C5919BA78970036B01B /* UIKit.framework in Frameworks */ = {isa = PBXBuildFile; fileRef = F86B0C3B19BA78970036B01B /* UIKit.framework */; };
		F86B0C6119BA78970036B01B /* InfoPlist.strings in Resources */ = {isa = PBXBuildFile; fileRef = F86B0C5F19BA78970036B01B /* InfoPlist.strings */; };
		F86B0C6319BA78970036B01B /* HelloObjectiveCTests.m in Sources */ = {isa = PBXBuildFile; fileRef = F86B0C6219BA78970036B01B /* HelloObjectiveCTests.m */; };
/* End PBXBuildFile section */

/* Begin PBXContainerItemProxy section */
		F86B0C5A19BA78970036B01B /* PBXContainerItemProxy */ = {
			isa = PBXContainerItemProxy;
			containerPortal = F86B0C2C19BA78970036B01B /* Project object */;
			proxyType = 1;
			remoteGlobalIDString = F86B0C3319BA78970036B01B;
			remoteInfo = HelloObjectiveC;
		};
/* End PBXContainerItemProxy section */

/* Begin PBXFileReference section */
		F86B0C3419BA78970036B01B /* HelloObjectiveC.app */ = {isa = PBXFileReference; explicitFileType = wrapper.application; includeInIndex = 0; path = HelloObjectiveC.app; sourceTree = BUILT_PRODUCTS_DIR; };
		F86B0C3719BA78970036B01B /* Foundation.framework */ = {isa = PBXFileReference; lastKnownFileType = wrapper.framework; name = Foundation.framework; path = System/Library/Frameworks/Foundation.framework; sourceTree = SDKROOT; };
		F86B0C3919BA78970036B01B /* CoreGraphics.framework */ = {isa = PBXFileReference; lastKnownFileType = wrapper.framework; name = CoreGraphics.framework; path = System/Library/Frameworks/CoreGraphics.framework; sourceTree = SDKROOT; };
		F86B0C3B19BA78970036B01B /* UIKit.framework */ = {isa = PBXFileReference; lastKnownFileType = wrapper.framework; name = UIKit.framework; path = System/Library/Frameworks/UIKit.framework; sourceTree = SDKROOT; };
		F86B0C3F19BA78970036B01B /* HelloObjectiveC-Info.plist */ = {isa = PBXFileReference; lastKnownFileType = text.plist.xml; path = "HelloObjectiveC-Info.plist"; sourceTree = "<group>"; };
		F86B0C4119BA78970036B01B /* en */ = {isa = PBXFileReference; lastKnownFileType = text.plist.strings; name = en; path = en.lproj/InfoPlist.strings; sourceTree = "<group>"; };
		F86B0C4319BA78970036B01B /* main.m */ = {isa = PBXFileReference; lastKnownFileType = sourcecode.c.objc; path = main.m; sourceTree = "<group>"; };
		F86B0C4519BA78970036B01B /* HelloObjectiveC-Prefix.pch */ = {isa = PBXFileReference; lastKnownFileType = sourcecode.c.h; path = "HelloObjectiveC-Prefix.pch"; sourceTree = "<group>"; };
		F86B0C4619BA78970036B01B /* DCNAppDelegate.h */ = {isa = PBXFileReference; lastKnownFileType = sourcecode.c.h; path = DCNAppDelegate.h; sourceTree = "<group>"; };
		F86B0C4719BA78970036B01B /* DCNAppDelegate.m */ = {isa = PBXFileReference; lastKnownFileType = sourcecode.c.objc; path = DCNAppDelegate.m; sourceTree = "<group>"; };
		F86B0C4A19BA78970036B01B /* Base */ = {isa = PBXFileReference; lastKnownFileType = file.storyboard; name = Base; path = Base.lproj/Main.storyboard; sourceTree = "<group>"; };
		F86B0C4C19BA78970036B01B /* DCNViewController.h */ = {isa = PBXFileReference; lastKnownFileType = sourcecode.c.h; path = DCNViewController.h; sourceTree = "<group>"; };
		F86B0C4D19BA78970036B01B /* DCNViewController.m */ = {isa = PBXFileReference; lastKnownFileType = sourcecode.c.objc; path = DCNViewController.m; sourceTree = "<group>"; };
		F86B0C4F19BA78970036B01B /* Images.xcassets */ = {isa = PBXFileReference; lastKnownFileType = folder.assetcatalog; path = Images.xcassets; sourceTree = "<group>"; };
		F86B0C5519BA78970036B01B /* HelloObjectiveCTests.xctest */ = {isa = PBXFileReference; explicitFileType = wrapper.cfbundle; includeInIndex = 0; path = HelloObjectiveCTests.xctest; sourceTree = BUILT_PRODUCTS_DIR; };
		F86B0C5619BA78970036B01B /* XCTest.framework */ = {isa = PBXFileReference; lastKnownFileType = wrapper.framework; name = XCTest.framework; path = Library/Frameworks/XCTest.framework; sourceTree = DEVELOPER_DIR; };
		F86B0C5E19BA78970036B01B /* HelloObjectiveCTests-Info.plist */ = {isa = PBXFileReference; lastKnownFileType = text.plist.xml; path = "HelloObjectiveCTests-Info.plist"; sourceTree = "<group>"; };
		F86B0C6019BA78970036B01B /* en */ = {isa = PBXFileReference; lastKnownFileType = text.plist.strings; name = en; path = en.lproj/InfoPlist.strings; sourceTree = "<group>"; };
		F86B0C6219BA78970036B01B /* HelloObjectiveCTests.m */ = {isa = PBXFileReference; lastKnownFileType = sourcecode.c.objc; path = HelloObjectiveCTests.m; sourceTree = "<group>"; };
/* End PBXFileReference section */

/* Begin PBXFrameworksBuildPhase section */
		F86B0C3119BA78970036B01B /* Frameworks */ = {
			isa = PBXFrameworksBuildPhase;
			buildActionMask = 2147483647;
			files = (
				F86B0C3A19BA78970036B01B /* CoreGraphics.framework in Frameworks */,
				F86B0C3C19BA78970036B01B /* UIKit.framework in Frameworks */,
				F86B0C3819BA78970036B01B /* Foundation.framework in Frameworks */,
			);
			runOnlyForDeploymentPostprocessing = 0;
		};
		F86B0C5219BA78970036B01B /* Frameworks */ = {
			isa = PBXFrameworksBuildPhase;
			buildActionMask = 2147483647;
			files = (
				F86B0C5719BA78970036B01B /* XCTest.framework in Frameworks */,
				F86B0C5919BA78970036B01B /* UIKit.framework in Frameworks */,
				F86B0C5819BA78970036B01B /* Foundation.framework in Frameworks */,
			);
			runOnlyForDeploymentPostprocessing = 0;
		};
/* End PBXFrameworksBuildPhase section */

/* Begin PBXGroup section */
		F86B0C2B19BA78970036B01B = {
			isa = PBXGroup;
			children = (
				F86B0C3D19BA78970036B01B /* HelloObjectiveC */,
				F86B0C5C19BA78970036B01B /* HelloObjectiveCTests */,
				F86B0C3619BA78970036B01B /* Frameworks */,
				F86B0C3519BA78970036B01B /* Products */,
			);
			sourceTree = "<group>";
		};
		F86B0C3519BA78970036B01B /* Products */ = {
			isa = PBXGroup;
			children = (
				F86B0C3419BA78970036B01B /* HelloObjectiveC.app */,
				F86B0C5519BA78970036B01B /* HelloObjectiveCTests.xctest */,
			);
			name = Products;
			sourceTree = "<group>";
		};
		F86B0C3619BA78970036B01B /* Frameworks */ = {
			isa = PBXGroup;
			children = (
				F86B0C3719BA78970036B01B /* Foundation.framework */,
				F86B0C3919BA78970036B01B /* CoreGraphics.framework */,
				F86B0C3B19BA78970036B01B /* UIKit.framework */,
				F86B0C5619BA78970036B01B /* XCTest.framework */,
			);
			name = Frameworks;
			sourceTree = "<group>";
		};
		F86B0C3D19BA78970036B01B /* HelloObjectiveC */ = {
			isa = PBXGroup;
			children = (
				F86B0C4619BA78970036B01B /* DCNAppDelegate.h */,
				F86B0C4719BA78970036B01B /* DCNAppDelegate.m */,
				F86B0C4919BA78970036B01B /* Main.storyboard */,
				F86B0C4C19BA78970036B01B /* DCNViewController.h */,
				F86B0C4D19BA78970036B01B /* DCNViewController.m */,
				F86B0C4F19BA78970036B01B /* Images.xcassets */,
				F86B0C3E19BA78970036B01B /* Supporting Files */,
			);
			path = HelloObjectiveC;
			sourceTree = "<group>";
		};
		F86B0C3E19BA78970036B01B /* Supporting Files */ = {
			isa = PBXGroup;
			children = (
				F86B0C3F19BA78970036B01B /* HelloObjectiveC-Info.plist */,
				F86B0C4019BA78970036B01B /* InfoPlist.strings */,
				F86B0C4319BA78970036B01B /* main.m */,
				F86B0C4519BA78970036B01B /* HelloObjectiveC-Prefix.pch */,
			);
			name = "Supporting Files";
			sourceTree = "<group>";
		};
		F86B0C5C19BA78970036B01B /* HelloObjectiveCTests */ = {
			isa = PBXGroup;
			children = (
				F86B0C6219BA78970036B01B /* HelloObjectiveCTests.m */,
				F86B0C5D19BA78970036B01B /* Supporting Files */,
			);
			path = HelloObjectiveCTests;
			sourceTree = "<group>";
		};
		F86B0C5D19BA78970036B01B /* Supporting Files */ = {
			isa = PBXGroup;
			children = (
				F86B0C5E19BA78970036B01B /* HelloObjectiveCTests-Info.plist */,
				F86B0C5F19BA78970036B01B /* InfoPlist.strings */,
			);
			name = "Supporting Files";
			sourceTree = "<group>";
		};
/* End PBXGroup section */

/* Begin PBXNativeTarget section */
		F86B0C3319BA78970036B01B /* HelloObjectiveC */ = {
			isa = PBXNativeTarget;
			buildConfigurationList = F86B0C6619BA78970036B01B /* Build configuration list for PBXNativeTarget "HelloObjectiveC" */;
			buildPhases = (
				F86B0C3019BA78970036B01B /* Sources */,
				F86B0C3119BA78970036B01B /* Frameworks */,
				F86B0C3219BA78970036B01B /* Resources */,
			);
			buildRules = (
			);
			dependencies = (
			);
			name = HelloObjectiveC;
			productName = HelloObjectiveC;
			productReference = F86B0C3419BA78970036B01B /* HelloObjectiveC.app */;
			productType = "com.apple.product-type.application";
		};
		F86B0C5419BA78970036B01B /* HelloObjectiveCTests */ = {
			isa = PBXNativeTarget;
			buildConfigurationList = F86B0C6919BA78970036B01B /* Build configuration list for PBXNativeTarget "HelloObjectiveCTests" */;
			buildPhases = (
				F86B0C5119BA78970036B01B /* Sources */,
				F86B0C5219BA78970036B01B /* Frameworks */,
				F86B0C5319BA78970036B01B /* Resources */,
			);
			buildRules = (
			);
			dependencies = (
				F86B0C5B19BA78970036B01B /* PBXTargetDependency */,
			);
			name = HelloObjectiveCTests;
			productName = HelloObjectiveCTests;
			productReference = F86B0C5519BA78970036B01B /* HelloObjectiveCTests.xctest */;
			productType = "com.apple.product-type.bundle.unit-test";
		};
/* End PBXNativeTarget section */

/* Begin PBXProject section */
		F86B0C2C19BA78970036B01B /* Project object */ = {
			isa = PBXProject;
			attributes = {
				CLASSPREFIX = DCN;
				LastUpgradeCheck = 0510;
				ORGANIZATIONNAME = "Peter Shearer";
				TargetAttributes = {
					F86B0C5419BA78970036B01B = {
						TestTargetID = F86B0C3319BA78970036B01B;
					};
				};
			};
			buildConfigurationList = F86B0C2F19BA78970036B01B /* Build configuration list for PBXProject "HelloObjectiveC" */;
			compatibilityVersion = "Xcode 3.2";
			developmentRegion = English;
			hasScannedForEncodings = 0;
			knownRegions = (
				en,
				Base,
			);
			mainGroup = F86B0C2B19BA78970036B01B;
			productRefGroup = F86B0C3519BA78970036B01B /* Products */;
			projectDirPath = "";
			projectRoot = "";
			targets = (
				F86B0C3319BA78970036B01B /* HelloObjectiveC */,
				F86B0C5419BA78970036B01B /* HelloObjectiveCTests */,
			);
		};
/* End PBXProject section */

/* Begin PBXResourcesBuildPhase section */
		F86B0C3219BA78970036B01B /* Resources */ = {
			isa = PBXResourcesBuildPhase;
			buildActionMask = 2147483647;
			files = (
				F86B0C5019BA78970036B01B /* Images.xcassets in Resources */,
				F86B0C4219BA78970036B01B /* InfoPlist.strings in Resources */,
				F86B0C4B19BA78970036B01B /* Main.storyboard in Resources */,
			);
			runOnlyForDeploymentPostprocessing = 0;
		};
		F86B0C5319BA78970036B01B /* Resources */ = {
			isa = PBXResourcesBuildPhase;
			buildActionMask = 2147483647;
			files = (
				F86B0C6119BA78970036B01B /* InfoPlist.strings in Resources */,
			);
			runOnlyForDeploymentPostprocessing = 0;
		};
/* End PBXResourcesBuildPhase section */

/* Begin PBXSourcesBuildPhase section */
		F86B0C3019BA78970036B01B /* Sources */ = {
			isa = PBXSourcesBuildPhase;
			buildActionMask = 2147483647;
			files = (
				F86B0C4819BA78970036B01B /* DCNAppDelegate.m in Sources */,
				F86B0C4419BA78970036B01B /* main.m in Sources */,
				F86B0C4E19BA78970036B01B /* DCNViewController.m in Sources */,
			);
			runOnlyForDeploymentPostprocessing = 0;
		};
		F86B0C5119BA78970036B01B /* Sources */ = {
			isa = PBXSourcesBuildPhase;
			buildActionMask = 2147483647;
			files = (
				F86B0C6319BA78970036B01B /* HelloObjectiveCTests.m in Sources */,
			);
			runOnlyForDeploymentPostprocessing = 0;
		};
/* End PBXSourcesBuildPhase section */

/* Begin PBXTargetDependency section */
		F86B0C5B19BA78970036B01B /* PBXTargetDependency */ = {
			isa = PBXTargetDependency;
			target = F86B0C3319BA78970036B01B /* HelloObjectiveC */;
			targetProxy = F86B0C5A19BA78970036B01B /* PBXContainerItemProxy */;
		};
/* End PBXTargetDependency section */

/* Begin PBXVariantGroup section */
		F86B0C4019BA78970036B01B /* InfoPlist.strings */ = {
			isa = PBXVariantGroup;
			children = (
				F86B0C4119BA78970036B01B /* en */,
			);
			name = InfoPlist.strings;
			sourceTree = "<group>";
		};
		F86B0C4919BA78970036B01B /* Main.storyboard */ = {
			isa = PBXVariantGroup;
			children = (
				F86B0C4A19BA78970036B01B /* Base */,
			);
			name = Main.storyboard;
			sourceTree = "<group>";
		};
		F86B0C5F19BA78970036B01B /* InfoPlist.strings */ = {
			isa = PBXVariantGroup;
			children = (
				F86B0C6019BA78970036B01B /* en */,
			);
			name = InfoPlist.strings;
			sourceTree = "<group>";
		};
/* End PBXVariantGroup section */

/* Begin XCBuildConfiguration section */
		F86B0C6419BA78970036B01B /* Debug */ = {
			isa = XCBuildConfiguration;
			buildSettings = {
				ALWAYS_SEARCH_USER_PATHS = NO;
				CLANG_CXX_LANGUAGE_STANDARD = "gnu++0x";
				CLANG_CXX_LIBRARY = "libc++";
				CLANG_ENABLE_MODULES = YES;
				CLANG_ENABLE_OBJC_ARC = YES;
				CLANG_WARN_BOOL_CONVERSION = YES;
				CLANG_WARN_CONSTANT_CONVERSION = YES;
				CLANG_WARN_DIRECT_OBJC_ISA_USAGE = YES_ERROR;
				CLANG_WARN_EMPTY_BODY = YES;
				CLANG_WARN_ENUM_CONVERSION = YES;
				CLANG_WARN_INT_CONVERSION = YES;
				CLANG_WARN_OBJC_ROOT_CLASS = YES_ERROR;
				CLANG_WARN__DUPLICATE_METHOD_MATCH = YES;
				"CODE_SIGN_IDENTITY[sdk=iphoneos*]" = "iPhone Developer";
				COPY_PHASE_STRIP = NO;
				GCC_C_LANGUAGE_STANDARD = gnu99;
				GCC_DYNAMIC_NO_PIC = NO;
				GCC_OPTIMIZATION_LEVEL = 0;
				GCC_PREPROCESSOR_DEFINITIONS = (
					"DEBUG=1",
					"$(inherited)",
				);
				GCC_SYMBOLS_PRIVATE_EXTERN = NO;
				GCC_WARN_64_TO_32_BIT_CONVERSION = YES;
				GCC_WARN_ABOUT_RETURN_TYPE = YES_ERROR;
				GCC_WARN_UNDECLARED_SELECTOR = YES;
				GCC_WARN_UNINITIALIZED_AUTOS = YES_AGGRESSIVE;
				GCC_WARN_UNUSED_FUNCTION = YES;
				GCC_WARN_UNUSED_VARIABLE = YES;
				IPHONEOS_DEPLOYMENT_TARGET = 7.1;
				ONLY_ACTIVE_ARCH = YES;
				SDKROOT = iphoneos;
			};
			name = Debug;
		};
		F86B0C6519BA78970036B01B /* Release */ = {
			isa = XCBuildConfiguration;
			buildSettings = {
				ALWAYS_SEARCH_USER_PATHS = NO;
				CLANG_CXX_LANGUAGE_STANDARD = "gnu++0x";
				CLANG_CXX_LIBRARY = "libc++";
				CLANG_ENABLE_MODULES = YES;
				CLANG_ENABLE_OBJC_ARC = YES;
				CLANG_WARN_BOOL_CONVERSION = YES;
				CLANG_WARN_CONSTANT_CONVERSION = YES;
				CLANG_WARN_DIRECT_OBJC_ISA_USAGE = YES_ERROR;
				CLANG_WARN_EMPTY_BODY = YES;
				CLANG_WARN_ENUM_CONVERSION = YES;
				CLANG_WARN_INT_CONVERSION = YES;
				CLANG_WARN_OBJC_ROOT_CLASS = YES_ERROR;
				CLANG_WARN__DUPLICATE_METHOD_MATCH = YES;
				"CODE_SIGN_IDENTITY[sdk=iphoneos*]" = "iPhone Developer";
				COPY_PHASE_STRIP = YES;
				ENABLE_NS_ASSERTIONS = NO;
				GCC_C_LANGUAGE_STANDARD = gnu99;
				GCC_WARN_64_TO_32_BIT_CONVERSION = YES;
				GCC_WARN_ABOUT_RETURN_TYPE = YES_ERROR;
				GCC_WARN_UNDECLARED_SELECTOR = YES;
				GCC_WARN_UNINITIALIZED_AUTOS = YES_AGGRESSIVE;
				GCC_WARN_UNUSED_FUNCTION = YES;
				GCC_WARN_UNUSED_VARIABLE = YES;
				IPHONEOS_DEPLOYMENT_TARGET = 7.1;
				SDKROOT = iphoneos;
				VALIDATE_PRODUCT = YES;
			};
			name = Release;
		};
		F86B0C6719BA78970036B01B /* Debug */ = {
			isa = XCBuildConfiguration;
			buildSettings = {
				ASSETCATALOG_COMPILER_APPICON_NAME = AppIcon;
				ASSETCATALOG_COMPILER_LAUNCHIMAGE_NAME = LaunchImage;
				GCC_PRECOMPILE_PREFIX_HEADER = YES;
				GCC_PREFIX_HEADER = "HelloObjectiveC/HelloObjectiveC-Prefix.pch";
				INFOPLIST_FILE = "HelloObjectiveC/HelloObjectiveC-Info.plist";
				PRODUCT_NAME = "$(TARGET_NAME)";
				WRAPPER_EXTENSION = app;
			};
			name = Debug;
		};
		F86B0C6819BA78970036B01B /* Release */ = {
			isa = XCBuildConfiguration;
			buildSettings = {
				ASSETCATALOG_COMPILER_APPICON_NAME = AppIcon;
				ASSETCATALOG_COMPILER_LAUNCHIMAGE_NAME = LaunchImage;
				GCC_PRECOMPILE_PREFIX_HEADER = YES;
				GCC_PREFIX_HEADER = "HelloObjectiveC/HelloObjectiveC-Prefix.pch";
				INFOPLIST_FILE = "HelloObjectiveC/HelloObjectiveC-Info.plist";
				PRODUCT_NAME = "$(TARGET_NAME)";
				WRAPPER_EXTENSION = app;
			};
			name = Release;
		};
		F86B0C6A19BA78970036B01B /* Debug */ = {
			isa = XCBuildConfiguration;
			buildSettings = {
				BUNDLE_LOADER = "$(BUILT_PRODUCTS_DIR)/HelloObjectiveC.app/HelloObjectiveC";
				FRAMEWORK_SEARCH_PATHS = (
					"$(SDKROOT)/Developer/Library/Frameworks",
					"$(inherited)",
					"$(DEVELOPER_FRAMEWORKS_DIR)",
				);
				GCC_PRECOMPILE_PREFIX_HEADER = YES;
				GCC_PREFIX_HEADER = "HelloObjectiveC/HelloObjectiveC-Prefix.pch";
				GCC_PREPROCESSOR_DEFINITIONS = (
					"DEBUG=1",
					"$(inherited)",
				);
				INFOPLIST_FILE = "HelloObjectiveCTests/HelloObjectiveCTests-Info.plist";
				PRODUCT_NAME = "$(TARGET_NAME)";
				TEST_HOST = "$(BUNDLE_LOADER)";
				WRAPPER_EXTENSION = xctest;
			};
			name = Debug;
		};
		F86B0C6B19BA78970036B01B /* Release */ = {
			isa = XCBuildConfiguration;
			buildSettings = {
				BUNDLE_LOADER = "$(BUILT_PRODUCTS_DIR)/HelloObjectiveC.app/HelloObjectiveC";
				FRAMEWORK_SEARCH_PATHS = (
					"$(SDKROOT)/Developer/Library/Frameworks",
					"$(inherited)",
					"$(DEVELOPER_FRAMEWORKS_DIR)",
				);
				GCC_PRECOMPILE_PREFIX_HEADER = YES;
				GCC_PREFIX_HEADER = "HelloObjectiveC/HelloObjectiveC-Prefix.pch";
				INFOPLIST_FILE = "HelloObjectiveCTests/HelloObjectiveCTests-Info.plist";
				PRODUCT_NAME = "$(TARGET_NAME)";
				TEST_HOST = "$(BUNDLE_LOADER)";
				WRAPPER_EXTENSION = xctest;
			};
			name = Release;
		};
/* End XCBuildConfiguration section */

/* Begin XCConfigurationList section */
		F86B0C2F19BA78970036B01B /* Build configuration list for PBXProject "HelloObjectiveC" */ = {
			isa = XCConfigurationList;
			buildConfigurations = (
				F86B0C6419BA78970036B01B /* Debug */,
				F86B0C6519BA78970036B01B /* Release */,
			);
			defaultConfigurationIsVisible = 0;
			defaultConfigurationName = Release;
		};
		F86B0C6619BA78970036B01B /* Build configuration list for PBXNativeTarget "HelloObjectiveC" */ = {
			isa = XCConfigurationList;
			buildConfigurations = (
				F86B0C6719BA78970036B01B /* Debug */,
				F86B0C6819BA78970036B01B /* Release */,
			);
			defaultConfigurationIsVisible = 0;
		};
		F86B0C6919BA78970036B01B /* Build configuration list for PBXNativeTarget "HelloObjectiveCTests" */ = {
			isa = XCConfigurationList;
			buildConfigurations = (
				F86B0C6A19BA78970036B01B /* Debug */,
				F86B0C6B19BA78970036B01B /* Release */,
			);
			defaultConfigurationIsVisible = 0;
		};
/* End XCConfigurationList section */
	};
	rootObject = F86B0C2C19BA78970036B01B /* Project object */;
}
